
Microsoft Visual Studio Solution File, Format Version 12.00
# Visual Studio Version 17
VisualStudioVersion = 17.2.32526.322
MinimumVisualStudioVersion = 10.0.40219.1
Project("{9A19103F-16F7-4668-BE54-9A1E7A4F7556}") = "CampThirdDay", "CamopThirdDay\CampThirdDay.csproj", "{CA94853B-B2FC-48D7-89EF-BB15F87681D0}"
EndProject
Project("{9A19103F-16F7-4668-BE54-9A1E7A4F7556}") = "Matematik", "Matematik\Matematik.csproj", "{5D3A40BF-F7AF-468B-8266-D1EFB9B856E2}"
EndProject
Project("{FAE04EC0-301F-11D3-BF4B-00C04F79EFBC}") = "DegerVeReferansTipler", "DegerVeReferansTipler\DegerVeReferansTipler.csproj", "{4EAE0A9A-BBB1-47E1-A5BE-BAA364126CDB}"
EndProject
Global
	GlobalSection(SolutionConfigurationPlatforms) = preSolution
		Debug|Any CPU = Debug|Any CPU
		Release|Any CPU = Release|Any CPU
	EndGlobalSection
	GlobalSection(ProjectConfigurationPlatforms) = postSolution
		{CA94853B-B2FC-48D7-89EF-BB15F87681D0}.Debug|Any CPU.ActiveCfg = Debug|Any CPU
		{CA94853B-B2FC-48D7-89EF-BB15F87681D0}.Debug|Any CPU.Build.0 = Debug|Any CPU
		{CA94853B-B2FC-48D7-89EF-BB15F87681D0}.Release|Any CPU.ActiveCfg = Release|Any CPU
		{CA94853B-B2FC-48D7-89EF-BB15F87681D0}.Release|Any CPU.Build.0 = Release|Any CPU
		{5D3A40BF-F7AF-468B-8266-D1EFB9B856E2}.Debug|Any CPU.ActiveCfg = Debug|Any CPU
		{5D3A40BF-F7AF-468B-8266-D1EFB9B856E2}.Debug|Any CPU.Build.0 = Debug|Any CPU
		{5D3A40BF-F7AF-468B-8266-D1EFB9B856E2}.Release|Any CPU.ActiveCfg = Release|Any CPU
		{5D3A40BF-F7AF-468B-8266-D1EFB9B856E2}.Release|Any CPU.Build.0 = Release|Any CPU
		{4EAE0A9A-BBB1-47E1-A5BE-BAA364126CDB}.Debug|Any CPU.ActiveCfg = Debug|Any CPU
		{4EAE0A9A-BBB1-47E1-A5BE-BAA364126CDB}.Debug|Any CPU.Build.0 = Debug|Any CPU
		{4EAE0A9A-BBB1-47E1-A5BE-BAA364126CDB}.Release|Any CPU.ActiveCfg = Release|Any CPU
		{4EAE0A9A-BBB1-47E1-A5BE-BAA364126CDB}.Release|Any CPU.Build.0 = Release|Any CPU
	EndGlobalSection
	GlobalSection(SolutionProperties) = preSolution
		HideSolutionNode = FALSE
	EndGlobalSection
	GlobalSection(ExtensibilityGlobals) = postSolution
		SolutionGuid = {F6A1FE9F-E768-4827-A9E5-321E152D984B}
	EndGlobalSection
EndGlobal
